PODS:
  - KeychainSwift (19.0.0)
  - SwiftLint (0.43.0)
  - TYUtils (0.2.0):
    - TYUtils/Core (= 0.2.0)
  - TYUtils/Core (0.2.0):
    - TYUtils/Extensions
    - TYUtils/PropertyWrappers
  - TYUtils/Extensions (0.2.0)
  - TYUtils/PropertyWrappers (0.2.0):
    - KeychainSwift (~> 19.0.0)

DEPENDENCIES:
  - SwiftLint
  - TYUtils (from `../`)

SPEC REPOS:
  trunk:
    - KeychainSwift
    - SwiftLint

EXTERNAL SOURCES:
  TYUtils:
    :path: "../"

SPEC CHECKSUMS:
  KeychainSwift: a06190cf933ad46b1e0abc3d77d29c06331715c7
  SwiftLint: 0c645fdc6feed3e390c1701ab3cc669f88b42752
  TYUtils: 128636bcce2bdbd5db09d86dbb8427fe88f9115c

PODFILE CHECKSUM: 0431bd1ae2168a09c5e4f91416ffaf0ddcca3441

COCOAPODS: 1.10.1
